
Microsoft Visual Studio Solution File, Format Version 12.00
# Visual Studio 14
VisualStudioVersion = 14.0.23107.0
MinimumVisualStudioVersion = 10.0.40219.1
Project("{FAE04EC0-301F-11D3-BF4B-00C04F79EFBC}") = "StatusStrip", "StatusStrip\StatusStrip.csproj", "{97CF2640-7928-42BA-B435-9F8D80F65B34}"
EndProject
Global
	GlobalSection(SolutionConfigurationPlatforms) = preSolution
		Debug|Any CPU = Debug|Any CPU
		Release|Any CPU = Release|Any CPU
	EndGlobalSection
	GlobalSection(ProjectConfigurationPlatforms) = postSolution
		{97CF2640-7928-42BA-B435-9F8D80F65B34}.Debug|Any CPU.ActiveCfg = Debug|Any CPU
		{97CF2640-7928-42BA-B435-9F8D80F65B34}.Debug|Any CPU.Build.0 = Debug|Any CPU
		{97CF2640-7928-42BA-B435-9F8D80F65B34}.Release|Any CPU.ActiveCfg = Release|Any CPU
		{97CF2640-7928-42BA-B435-9F8D80F65B34}.Release|Any CPU.Build.0 = Release|Any CPU
	EndGlobalSection
	GlobalSection(SolutionProperties) = preSolution
		HideSolutionNode = FALSE
	EndGlobalSection
EndGlobal
